// !$*UTF8*$!
{
	archiveVersion = 1;
	classes = {
	};
	objectVersion = 48;
	objects = {

/* Begin PBXBuildFile section */
		2C9036EB1F69A9FD00C309DE /* AppDelegate.swift in Sources */ = {isa = PBXBuildFile; fileRef = 2C9036EA1F69A9FD00C309DE /* AppDelegate.swift */; };
		2C9036ED1F69A9FD00C309DE /* ViewController.swift in Sources */ = {isa = PBXBuildFile; fileRef = 2C9036EC1F69A9FD00C309DE /* ViewController.swift */; };
		2C9036F01F69A9FD00C309DE /* Main.storyboard in Resources */ = {isa = PBXBuildFile; fileRef = 2C9036EE1F69A9FD00C309DE /* Main.storyboard */; };
		2C9036F21F69A9FD00C309DE /* Assets.xcassets in Resources */ = {isa = PBXBuildFile; fileRef = 2C9036F11F69A9FD00C309DE /* Assets.xcassets */; };
		2C9036F51F69A9FD00C309DE /* LaunchScreen.storyboard in Resources */ = {isa = PBXBuildFile; fileRef = 2C9036F31F69A9FD00C309DE /* LaunchScreen.storyboard */; };
/* End PBXBuildFile section */

/* Begin PBXFileReference section */
		2C9036E71F69A9FD00C309DE /* Word Garden.app */ = {isa = PBXFileReference; explicitFileType = wrapper.application; includeInIndex = 0; path = "Word Garden.app"; sourceTree = BUILT_PRODUCTS_DIR; };
		2C9036EA1F69A9FD00C309DE /* AppDelegate.swift */ = {isa = PBXFileReference; lastKnownFileType = sourcecode.swift; path = AppDelegate.swift; sourceTree = "<group>"; };
		2C9036EC1F69A9FD00C309DE /* ViewController.swift */ = {isa = PBXFileReference; lastKnownFileType = sourcecode.swift; path = ViewController.swift; sourceTree = "<group>"; };
		2C9036EF1F69A9FD00C309DE /* Base */ = {isa = PBXFileReference; lastKnownFileType = file.storyboard; name = Base; path = Base.lproj/Main.storyboard; sourceTree = "<group>"; };
		2C9036F11F69A9FD00C309DE /* Assets.xcassets */ = {isa = PBXFileReference; lastKnownFileType = folder.assetcatalog; path = Assets.xcassets; sourceTree = "<group>"; };
		2C9036F41F69A9FD00C309DE /* Base */ = {isa = PBXFileReference; lastKnownFileType = file.storyboard; name = Base; path = Base.lproj/LaunchScreen.storyboard; sourceTree = "<group>"; };
		2C9036F61F69A9FD00C309DE /* Info.plist */ = {isa = PBXFileReference; lastKnownFileType = text.plist.xml; path = Info.plist; sourceTree = "<group>"; };
/* End PBXFileReference section */

/* Begin PBXFrameworksBuildPhase section */
		2C9036E41F69A9FD00C309DE /* Frameworks */ = {
			isa = PBXFrameworksBuildPhase;
			buildActionMask = 2147483647;
			files = (
			);
			runOnlyForDeploymentPostprocessing = 0;
		};
/* End PBXFrameworksBuildPhase section */

/* Begin PBXGroup section */
		2C9036DE1F69A9FD00C309DE = {
			isa = PBXGroup;
			children = (
				2C9036E91F69A9FD00C309DE /* Word Garden */,
				2C9036E81F69A9FD00C309DE /* Products */,
			);
			sourceTree = "<group>";
		};
		2C9036E81F69A9FD00C309DE /* Products */ = {
			isa = PBXGroup;
			children = (
				2C9036E71F69A9FD00C309DE /* Word Garden.app */,
			);
			name = Products;
			sourceTree = "<group>";
		};
		2C9036E91F69A9FD00C309DE /* Word Garden */ = {
			isa = PBXGroup;
			children = (
				2C9036EA1F69A9FD00C309DE /* AppDelegate.swift */,
				2C9036EC1F69A9FD00C309DE /* ViewController.swift */,
				2C9036EE1F69A9FD00C309DE /* Main.storyboard */,
				2C9036F11F69A9FD00C309DE /* Assets.xcassets */,
				2C9036F31F69A9FD00C309DE /* LaunchScreen.storyboard */,
				2C9036F61F69A9FD00C309DE /* Info.plist */,
			);
			path = "Word Garden";
			sourceTree = "<group>";
		};
/* End PBXGroup section */

/* Begin PBXNativeTarget section */
		2C9036E61F69A9FD00C309DE /* Word Garden */ = {
			isa = PBXNativeTarget;
			buildConfigurationList = 2C9036F91F69A9FD00C309DE /* Build configuration list for PBXNativeTarget "Word Garden" */;
			buildPhases = (
				2C9036E31F69A9FD00C309DE /* Sources */,
				2C9036E41F69A9FD00C309DE /* Frameworks */,
				2C9036E51F69A9FD00C309DE /* Resources */,
			);
			buildRules = (
			);
			dependencies = (
			);
			name = "Word Garden";
			productName = "Word Garden";
			productReference = 2C9036E71F69A9FD00C309DE /* Word Garden.app */;
			productType = "com.apple.product-type.application";
		};
/* End PBXNativeTarget section */

/* Begin PBXProject section */
		2C9036DF1F69A9FD00C309DE /* Project object */ = {
			isa = PBXProject;
			attributes = {
				LastSwiftUpdateCheck = 0900;
				LastUpgradeCheck = 0900;
				ORGANIZATIONNAME = Huang;
				TargetAttributes = {
					2C9036E61F69A9FD00C309DE = {
						CreatedOnToolsVersion = 9.0;
						ProvisioningStyle = Automatic;
					};
				};
			};
			buildConfigurationList = 2C9036E21F69A9FD00C309DE /* Build configuration list for PBXProject "Word Garden" */;
			compatibilityVersion = "Xcode 8.0";
			developmentRegion = en;
			hasScannedForEncodings = 0;
			knownRegions = (
				en,
				Base,
			);
			mainGroup = 2C9036DE1F69A9FD00C309DE;
			productRefGroup = 2C9036E81F69A9FD00C309DE /* Products */;
			projectDirPath = "";
			projectRoot = "";
			targets = (
				2C9036E61F69A9FD00C309DE /* Word Garden */,
			);
		};
/* End PBXProject section */

/* Begin PBXResourcesBuildPhase section */
		2C9036E51F69A9FD00C309DE /* Resources */ = {
			isa = PBXResourcesBuildPhase;
			buildActionMask = 2147483647;
			files = (
				2C9036F51F69A9FD00C309DE /* LaunchScreen.storyboard in Resources */,
				2C9036F21F69A9FD00C309DE /* Assets.xcassets in Resources */,
				2C9036F01F69A9FD00C309DE /* Main.storyboard in Resources */,
			);
			runOnlyForDeploymentPostprocessing = 0;
		};
/* End PBXResourcesBuildPhase section */

/* Begin PBXSourcesBuildPhase section */
		2C9036E31F69A9FD00C309DE /* Sources */ = {
			isa = PBXSourcesBuildPhase;
			buildActionMask = 2147483647;
			files = (
				2C9036ED1F69A9FD00C309DE /* ViewController.swift in Sources */,
				2C9036EB1F69A9FD00C309DE /* AppDelegate.swift in Sources */,
			);
			runOnlyForDeploymentPostprocessing = 0;
		};
/* End PBXSourcesBuildPhase section */

/* Begin PBXVariantGroup section */
		2C9036EE1F69A9FD00C309DE /* Main.storyboard */ = {
			isa = PBXVariantGroup;
			children = (
				2C9036EF1F69A9FD00C309DE /* Base */,
			);
			name = Main.storyboard;
			sourceTree = "<group>";
		};
		2C9036F31F69A9FD00C309DE /* LaunchScreen.storyboard */ = {
			isa = PBXVariantGroup;
			children = (
				2C9036F41F69A9FD00C309DE /* Base */,
			);
			name = LaunchScreen.storyboard;
			sourceTree = "<group>";
		};
/* End PBXVariantGroup section */

/* Begin XCBuildConfiguration section */
		2C9036F71F69A9FD00C309DE /* Debug */ = {
			isa = XCBuildConfiguration;
			buildSettings = {
				ALWAYS_SEARCH_USER_PATHS = NO;
				CLANG_ANALYZER_NONNULL = YES;
				CLANG_ANALYZER_NUMBER_OBJECT_CONVERSION = YES_AGGRESSIVE;
				CLANG_CXX_LANGUAGE_STANDARD = "gnu++14";
				CLANG_CXX_LIBRARY = "libc++";
				CLANG_ENABLE_MODULES = YES;
				CLANG_ENABLE_OBJC_ARC = YES;
				CLANG_WARN_BLOCK_CAPTURE_AUTORELEASING = YES;
				CLANG_WARN_BOOL_CONVERSION = YES;
				CLANG_WARN_COMMA = YES;
				CLANG_WARN_CONSTANT_CONVERSION = YES;
				CLANG_WARN_DIRECT_OBJC_ISA_USAGE = YES_ERROR;
				CLANG_WARN_DOCUMENTATION_COMMENTS = YES;
				CLANG_WARN_EMPTY_BODY = YES;
				CLANG_WARN_ENUM_CONVERSION = YES;
				CLANG_WARN_INFINITE_RECURSION = YES;
				CLANG_WARN_INT_CONVERSION = YES;
				CLANG_WARN_NON_LITERAL_NULL_CONVERSION = YES;
				CLANG_WARN_OBJC_LITERAL_CONVERSION = YES;
				CLANG_WARN_OBJC_ROOT_CLASS = YES_ERROR;
				CLANG_WARN_RANGE_LOOP_ANALYSIS = YES;
				CLANG_WARN_STRICT_PROTOTYPES = YES;
				CLANG_WARN_SUSPICIOUS_MOVE = YES;
				CLANG_WARN_UNGUARDED_AVAILABILITY = YES_AGGRESSIVE;
				CLANG_WARN_UNREACHABLE_CODE = YES;
				CLANG_WARN__DUPLICATE_METHOD_MATCH = YES;
				CODE_SIGN_IDENTITY = "iPhone Developer";
				COPY_PHASE_STRIP = NO;
				DEBUG_INFORMATION_FORMAT = dwarf;
				ENABLE_STRICT_OBJC_MSGSEND = YES;
				ENABLE_TESTABILITY = YES;
				GCC_C_LANGUAGE_STANDARD = gnu11;
				GCC_DYNAMIC_NO_PIC = NO;
				GCC_NO_COMMON_BLOCKS = YES;
				GCC_OPTIMIZATION_LEVEL = 0;
				GCC_PREPROCESSOR_DEFINITIONS = (
					"DEBUG=1",
					"$(inherited)",
				);
				GCC_WARN_64_TO_32_BIT_CONVERSION = YES;
				GCC_WARN_ABOUT_RETURN_TYPE = YES_ERROR;
				GCC_WARN_UNDECLARED_SELECTOR = YES;
				GCC_WARN_UNINITIALIZED_AUTOS = YES_AGGRESSIVE;
				GCC_WARN_UNUSED_FUNCTION = YES;
				GCC_WARN_UNUSED_VARIABLE = YES;
				IPHONEOS_DEPLOYMENT_TARGET = 11.0;
				MTL_ENABLE_DEBUG_INFO = YES;
				ONLY_ACTIVE_ARCH = YES;
				SDKROOT = iphoneos;
				SWIFT_ACTIVE_COMPILATION_CONDITIONS = DEBUG;
				SWIFT_OPTIMIZATION_LEVEL = "-Onone";
			};
			name = Debug;
		};
		2C9036F81F69A9FD00C309DE /* Release */ = {
			isa = XCBuildConfiguration;
			buildSettings = {
				ALWAYS_SEARCH_USER_PATHS = NO;
				CLANG_ANALYZER_NONNULL = YES;
				CLANG_ANALYZER_NUMBER_OBJECT_CONVERSION = YES_AGGRESSIVE;
				CLANG_CXX_LANGUAGE_STANDARD = "gnu++14";
				CLANG_CXX_LIBRARY = "libc++";
				CLANG_ENABLE_MODULES = YES;
				CLANG_ENABLE_OBJC_ARC = YES;
				CLANG_WARN_BLOCK_CAPTURE_AUTORELEASING = YES;
				CLANG_WARN_BOOL_CONVERSION = YES;
				CLANG_WARN_COMMA = YES;
				CLANG_WARN_CONSTANT_CONVERSION = YES;
				CLANG_WARN_DIRECT_OBJC_ISA_USAGE = YES_ERROR;
				CLANG_WARN_DOCUMENTATION_COMMENTS = YES;
				CLANG_WARN_EMPTY_BODY = YES;
				CLANG_WARN_ENUM_CONVERSION = YES;
				CLANG_WARN_INFINITE_RECURSION = YES;
				CLANG_WARN_INT_CONVERSION = YES;
				CLANG_WARN_NON_LITERAL_NULL_CONVERSION = YES;
				CLANG_WARN_OBJC_LITERAL_CONVERSION = YES;
				CLANG_WARN_OBJC_ROOT_CLASS = YES_ERROR;
				CLANG_WARN_RANGE_LOOP_ANALYSIS = YES;
				CLANG_WARN_STRICT_PROTOTYPES = YES;
				CLANG_WARN_SUSPICIOUS_MOVE = YES;
				CLANG_WARN_UNGUARDED_AVAILABILITY = YES_AGGRESSIVE;
				CLANG_WARN_UNREACHABLE_CODE = YES;
				CLANG_WARN__DUPLICATE_METHOD_MATCH = YES;
				CODE_SIGN_IDENTITY = "iPhone Developer";
				COPY_PHASE_STRIP = NO;
				DEBUG_INFORMATION_FORMAT = "dwarf-with-dsym";
				ENABLE_NS_ASSERTIONS = NO;
				ENABLE_STRICT_OBJC_MSGSEND = YES;
				GCC_C_LANGUAGE_STANDARD = gnu11;
				GCC_NO_COMMON_BLOCKS = YES;
				GCC_WARN_64_TO_32_BIT_CONVERSION = YES;
				GCC_WARN_ABOUT_RETURN_TYPE = YES_ERROR;
				GCC_WARN_UNDECLARED_SELECTOR = YES;
				GCC_WARN_UNINITIALIZED_AUTOS = YES_AGGRESSIVE;
				GCC_WARN_UNUSED_FUNCTION = YES;
				GCC_WARN_UNUSED_VARIABLE = YES;
				IPHONEOS_DEPLOYMENT_TARGET = 11.0;
				MTL_ENABLE_DEBUG_INFO = NO;
				SDKROOT = iphoneos;
				SWIFT_OPTIMIZATION_LEVEL = "-Owholemodule";
				VALIDATE_PRODUCT = YES;
			};
			name = Release;
		};
		2C9036FA1F69A9FD00C309DE /* Debug */ = {
			isa = XCBuildConfiguration;
			buildSettings = {
				ASSETCATALOG_COMPILER_APPICON_NAME = AppIcon;
				CODE_SIGN_STYLE = Automatic;
				DEVELOPMENT_TEAM = 2674F37353;
				INFOPLIST_FILE = "Word Garden/Info.plist";
				LD_RUNPATH_SEARCH_PATHS = "$(inherited) @executable_path/Frameworks";
				PRODUCT_BUNDLE_IDENTIFIER = "com.huang.Word-Garden";
				PRODUCT_NAME = "$(TARGET_NAME)";
				SWIFT_VERSION = 4.0;
				TARGETED_DEVICE_FAMILY = "1,2";
			};
			name = Debug;
		};
		2C9036FB1F69A9FD00C309DE /* Release */ = {
			isa = XCBuildConfiguration;
			buildSettings = {
				ASSETCATALOG_COMPILER_APPICON_NAME = AppIcon;
				CODE_SIGN_STYLE = Automatic;
				DEVELOPMENT_TEAM = 2674F37353;
				INFOPLIST_FILE = "Word Garden/Info.plist";
				LD_RUNPATH_SEARCH_PATHS = "$(inherited) @executable_path/Frameworks";
				PRODUCT_BUNDLE_IDENTIFIER = "com.huang.Word-Garden";
				PRODUCT_NAME = "$(TARGET_NAME)";
				SWIFT_VERSION = 4.0;
				TARGETED_DEVICE_FAMILY = "1,2";
			};
			name = Release;
		};
/* End XCBuildConfiguration section */

/* Begin XCConfigurationList section */
		2C9036E21F69A9FD00C309DE /* Build configuration list for PBXProject "Word Garden" */ = {
			isa = XCConfigurationList;
			buildConfigurations = (
				2C9036F71F69A9FD00C309DE /* Debug */,
				2C9036F81F69A9FD00C309DE /* Release */,
			);
			defaultConfigurationIsVisible = 0;
			defaultConfigurationName = Release;
		};
		2C9036F91F69A9FD00C309DE /* Build configuration list for PBXNativeTarget "Word Garden" */ = {
			isa = XCConfigurationList;
			buildConfigurations = (
				2C9036FA1F69A9FD00C309DE /* Debug */,
				2C9036FB1F69A9FD00C309DE /* Release */,
			);
			defaultConfigurationIsVisible = 0;
			defaultConfigurationName = Release;
		};
/* End XCConfigurationList section */
	};
	rootObject = 2C9036DF1F69A9FD00C309DE /* Project object */;
}
